
Microsoft Visual Studio Solution File, Format Version 12.00
# Visual Studio Version 17
VisualStudioVersion = 17.1.32228.430
MinimumVisualStudioVersion = 10.0.40219.1
Project("{FAE04EC0-301F-11D3-BF4B-00C04F79EFBC}") = "weatherforecast", "weatherforecast.csproj", "{864A3774-EF01-47C8-825C-D67EECAAB8F0}"
EndProject
Global
	GlobalSection(SolutionConfigurationPlatforms) = preSolution
		Debug|Any CPU = Debug|Any CPU
		Release|Any CPU = Release|Any CPU
	EndGlobalSection
	GlobalSection(ProjectConfigurationPlatforms) = postSolution
		{864A3774-EF01-47C8-825C-D67EECAAB8F0}.Debug|Any CPU.ActiveCfg = Debug|Any CPU
		{864A3774-EF01-47C8-825C-D67EECAAB8F0}.Debug|Any CPU.Build.0 = Debug|Any CPU
		{864A3774-EF01-47C8-825C-D67EECAAB8F0}.Release|Any CPU.ActiveCfg = Release|Any CPU
		{864A3774-EF01-47C8-825C-D67EECAAB8F0}.Release|Any CPU.Build.0 = Release|Any CPU
	EndGlobalSection
	GlobalSection(SolutionProperties) = preSolution
		HideSolutionNode = FALSE
	EndGlobalSection
	GlobalSection(ExtensibilityGlobals) = postSolution
		SolutionGuid = {43C522FA-6BC2-47A4-86C0-398137EBDD99}
	EndGlobalSection
EndGlobal
